<?xml version="1.0" encoding="utf-8"?>
<Project ToolsVersion="4.0" xmlns="http://schemas.microsoft.com/developer/msbuild/2003">
  <ItemGroup>
    <Filter Include="Исходные файлы">
      <UniqueIdentifier>{4FC737F1-C7A5-4376-A066-2A32D752A2FF}</UniqueIdentifier>
      <Extensions>cpp;c;cc;cxx;c++;cppm;ixx;def;odl;idl;hpj;bat;asm;asmx</Extensions>
    </Filter>
    <Filter Include="Файлы заголовков">
      <UniqueIdentifier>{93995380-89BD-4b04-88EB-625FBE52EBFB}</UniqueIdentifier>
      <Extensions>h;hh;hpp;hxx;h++;hm;inl;inc;ipp;xsd</Extensions>
    </Filter>
    <Filter Include="Файлы ресурсов">
      <UniqueIdentifier>{67DA6AB6-F800-4c08-8B7A-83BB121AAD01}</UniqueIdentifier>
      <Extensions>rc;ico;cur;bmp;dlg;rc2;rct;bin;rgs;gif;jpg;jpeg;jpe;resx;tiff;tif;png;wav;mfcribbon-ms</Extensions>
    </Filter>
    <Filter Include="Файлы заголовков\Manager">
      <UniqueIdentifier>{44267b64-0023-441a-a2e5-bd0f4bebfe7b}</UniqueIdentifier>
    </Filter>
    <Filter Include="Файлы заголовков\MapObjects">
      <UniqueIdentifier>{c687068f-ffae-44cb-a8c7-71f46751ed0c}</UniqueIdentifier>
    </Filter>
    <Filter Include="Исходные файлы\Manager">
      <UniqueIdentifier>{f6771ea8-674f-4439-a186-09079eeeec43}</UniqueIdentifier>
    </Filter>
    <Filter Include="Исходные файлы\MapObjects">
      <UniqueIdentifier>{2c92bb7b-c221-4d0d-8d8f-32d4f0464eca}</UniqueIdentifier>
    </Filter>
  </ItemGroup>
  <ItemGroup>
    <None Include="ClassDiagram.cd" />
  </ItemGroup>
  <ItemGroup>
    <ClInclude Include="Code\UtilityTime.h">
      <Filter>Файлы заголовков</Filter>
    </ClInclude>
    <ClInclude Include="Code\GameObject.h">
      <Filter>Файлы заголовков</Filter>
    </ClInclude>
    <ClInclude Include="Code\CellObject.h">
      <Filter>Файлы заголовков\MapObjects</Filter>
    </ClInclude>
    <ClInclude Include="Code\MapCell.h">
      <Filter>Файлы заголовков\MapObjects</Filter>
    </ClInclude>
    <ClInclude Include="Code\GameManager.h">
      <Filter>Файлы заголовков\Manager</Filter>
    </ClInclude>
    <ClInclude Include="Code\InterfaceManager.h">
      <Filter>Файлы заголовков\Manager</Filter>
    </ClInclude>
    <ClInclude Include="Code\MapManager.h">
      <Filter>Файлы заголовков\Manager</Filter>
    </ClInclude>
    <ClInclude Include="Code\WindowManager.h">
      <Filter>Файлы заголовков\Manager</Filter>
    </ClInclude>
    <ClInclude Include="Code\MapGenerator.h">
      <Filter>Файлы заголовков\MapObjects</Filter>
    </ClInclude>
    <ClInclude Include="Code\InteractiveObject.h">
      <Filter>Файлы заголовков\MapObjects</Filter>
    </ClInclude>
    <ClInclude Include="Code\Trigger.h">
      <Filter>Файлы заголовков\MapObjects</Filter>
    </ClInclude>
    <ClInclude Include="Code\Item.h">
      <Filter>Файлы заголовков\MapObjects</Filter>
    </ClInclude>
    <ClInclude Include="Code\Armor.h">
      <Filter>Файлы заголовков\MapObjects</Filter>
    </ClInclude>
    <ClInclude Include="Code\WeaponHolder.h">
      <Filter>Файлы заголовков\MapObjects</Filter>
    </ClInclude>
    <ClInclude Include="Code\Gold.h">
      <Filter>Файлы заголовков\MapObjects</Filter>
    </ClInclude>
    <ClInclude Include="Code\PotionHolder.h">
      <Filter>Файлы заголовков\MapObjects</Filter>
    </ClInclude>
    <ClInclude Include="Code\BaseCharacter.h">
      <Filter>Файлы заголовков\MapObjects</Filter>
    </ClInclude>
    <ClInclude Include="Code\PlayerCharacter.h">
      <Filter>Файлы заголовков\MapObjects</Filter>
    </ClInclude>
    <ClInclude Include="Code\EventListener.h">
      <Filter>Файлы заголовков\MapObjects</Filter>
    </ClInclude>
    <ClInclude Include="Code\Map.h">
      <Filter>Файлы заголовков\MapObjects</Filter>
    </ClInclude>
    <ClInclude Include="Code\PathFindingAStar.h">
      <Filter>Файлы заголовков\MapObjects</Filter>
    </ClInclude>
  </ItemGroup>
  <ItemGroup>
    <ClCompile Include="Code\GameObject.cpp">
      <Filter>Исходные файлы</Filter>
    </ClCompile>
    <ClCompile Include="Code\Main.cpp">
      <Filter>Исходные файлы</Filter>
    </ClCompile>
    <ClCompile Include="Code\UtilityTime.cpp">
      <Filter>Исходные файлы</Filter>
    </ClCompile>
    <ClCompile Include="Code\CellObject.cpp">
      <Filter>Исходные файлы\MapObjects</Filter>
    </ClCompile>
    <ClCompile Include="Code\MapGenerator.cpp">
      <Filter>Исходные файлы\MapObjects</Filter>
    </ClCompile>
    <ClCompile Include="Code\InterfaceManager.cpp">
      <Filter>Исходные файлы\Manager</Filter>
    </ClCompile>
    <ClCompile Include="Code\GameManager.cpp">
      <Filter>Исходные файлы\Manager</Filter>
    </ClCompile>
    <ClCompile Include="Code\MapManager.cpp">
      <Filter>Исходные файлы\Manager</Filter>
    </ClCompile>
    <ClCompile Include="Code\WindowManager.cpp">
      <Filter>Исходные файлы\Manager</Filter>
    </ClCompile>
    <ClCompile Include="Code\InteractiveObject.cpp">
      <Filter>Исходные файлы\MapObjects</Filter>
    </ClCompile>
    <ClCompile Include="Code\BaseCharacter.cpp">
      <Filter>Исходные файлы\MapObjects</Filter>
    </ClCompile>
    <ClCompile Include="Code\PlayerCharacter.cpp">
      <Filter>Исходные файлы\MapObjects</Filter>
    </ClCompile>
    <ClCompile Include="Code\Map.cpp">
      <Filter>Исходные файлы\MapObjects</Filter>
    </ClCompile>
    <ClCompile Include="Code\PathFindingAStar.cpp">
      <Filter>Исходные файлы\MapObjects</Filter>
    </ClCompile>
  </ItemGroup>
</Project>